
Microsoft Visual Studio Solution File, Format Version 12.00
# Visual Studio Version 16
VisualStudioVersion = 16.0.30621.155
MinimumVisualStudioVersion = 10.0.40219.1
Project("{2150E333-8FDC-42A3-9474-1A3956D46DE8}") = "Services", "Services", "{D0B29B70-C896-4A8E-9E26-6F6508C22C74}"
EndProject
Project("{2150E333-8FDC-42A3-9474-1A3956D46DE8}") = "Statistics", "Statistics", "{A3816AA5-0CDC-420F-809B-29D71475DCA2}"
EndProject
Project("{2150E333-8FDC-42A3-9474-1A3956D46DE8}") = "Pictures", "Pictures", "{B8D88267-CFF4-4822-8D80-742F82F752C6}"
EndProject
Project("{2150E333-8FDC-42A3-9474-1A3956D46DE8}") = "Identity", "Identity", "{A814F3CB-14AF-41B8-9224-759581DE9D49}"
EndProject
Project("{2150E333-8FDC-42A3-9474-1A3956D46DE8}") = "Payment", "Payment", "{3EDBF01F-F925-46DF-83D9-343CB82537E1}"
EndProject
Project("{2150E333-8FDC-42A3-9474-1A3956D46DE8}") = "Fines", "Fines", "{FB4C50B4-0089-4F39-BC18-5F476707559C}"
EndProject
Project("{2150E333-8FDC-42A3-9474-1A3956D46DE8}") = "Rides", "Rides", "{6CAD9F08-55E6-4333-B19F-2BB6764F159C}"
EndProject
Project("{9A19103F-16F7-4668-BE54-9A1E7A4F7556}") = "Identity.API", "src\Services\Identity\Identity.API\Identity.API.csproj", "{91AB2C93-0E1F-4CF4-8D64-E8399E3A7873}"
EndProject
Project("{9A19103F-16F7-4668-BE54-9A1E7A4F7556}") = "Fines.API", "src\Services\Fines\Fines.API\Fines.API.csproj", "{901CC7EE-89A8-4BD9-95C0-74BC71997ED3}"
EndProject
Project("{9A19103F-16F7-4668-BE54-9A1E7A4F7556}") = "Payment.API", "src\Services\Payment\Payment.API\Payment.API.csproj", "{B208458E-8E14-4403-A844-581C9A4CFD4B}"
EndProject
Project("{9A19103F-16F7-4668-BE54-9A1E7A4F7556}") = "Pictures.API", "src\Services\Pictures\Pictures.API\Pictures.API.csproj", "{EF7F4979-3A6F-4D10-9C41-62C4CC4DBF93}"
EndProject
Project("{9A19103F-16F7-4668-BE54-9A1E7A4F7556}") = "Rides.API", "src\Services\Rides\Rides.API\Rides.API.csproj", "{62822E66-513A-4E85-9F4B-046C602FBECD}"
EndProject
Project("{9A19103F-16F7-4668-BE54-9A1E7A4F7556}") = "Statistics.API", "src\Services\Statistics\Statistics.API\Statistics.API.csproj", "{03AC027D-7E92-473F-95DD-3ABAF8449547}"
EndProject
Project("{2150E333-8FDC-42A3-9474-1A3956D46DE8}") = "AI", "AI", "{19BB9D17-3BDA-4666-ADC4-E7370233A922}"
EndProject
Project("{9A19103F-16F7-4668-BE54-9A1E7A4F7556}") = "AI.API", "src\Services\AI\AI.API\AI.API.csproj", "{E35763DB-BA9E-4E9F-998E-3FB80FDE78D0}"
EndProject
Project("{2150E333-8FDC-42A3-9474-1A3956D46DE8}") = "ApiGateways", "ApiGateways", "{DC9FB497-DD99-4A75-A64D-ED24A61ECCDD}"
EndProject
Project("{9A19103F-16F7-4668-BE54-9A1E7A4F7556}") = "ApiGateway", "src\ApiGateways\ApiGateway\ApiGateway.csproj", "{F4A26461-FE0C-4C6A-8883-9ED123BB6DC1}"
EndProject
Project("{9A19103F-16F7-4668-BE54-9A1E7A4F7556}") = "AI.Core", "src\Services\AI\AI.Core\AI.Core.csproj", "{20A6A846-9623-4FA2-A710-B5EDC836840A}"
EndProject
Project("{9A19103F-16F7-4668-BE54-9A1E7A4F7556}") = "Fines.Infrastructure", "src\Services\Fines\Fines.Infrastructure\Fines.Infrastructure.csproj", "{387587F3-F5BA-497B-A243-D664B9FE0B6B}"
EndProject
Project("{9A19103F-16F7-4668-BE54-9A1E7A4F7556}") = "Fines.Core", "src\Services\Fines\Fines.Core\Fines.Core.csproj", "{AFE874C7-6AD9-47F4-B25E-737920C9DF81}"
EndProject
Project("{9A19103F-16F7-4668-BE54-9A1E7A4F7556}") = "Pictures.Infrastructure", "src\Services\Pictures\Pictures.Infrastructure\Pictures.Infrastructure.csproj", "{F79B5A04-C1D1-4E9B-8B1F-9B36772D056D}"
EndProject
Project("{9A19103F-16F7-4668-BE54-9A1E7A4F7556}") = "Pictures.Core", "src\Services\Pictures\Pictures.Core\Pictures.Core.csproj", "{FC3DB740-8EC0-4758-A8BF-A88F45CC2319}"
EndProject
Project("{9A19103F-16F7-4668-BE54-9A1E7A4F7556}") = "Identity.Core", "src\Services\Identity\Identity.Core\Identity.Core.csproj", "{0BD95436-58C8-427A-9473-8E23767E1627}"
EndProject
Project("{9A19103F-16F7-4668-BE54-9A1E7A4F7556}") = "Rides.Infrastructure", "src\Services\Rides\Rides.Infrastructure\Rides.Infrastructure.csproj", "{352416A5-3941-4D75-859E-90566B6274F0}"
EndProject
Project("{9A19103F-16F7-4668-BE54-9A1E7A4F7556}") = "Rides.Core", "src\Services\Rides\Rides.Core\Rides.Core.csproj", "{B4BA350C-7841-4648-A09B-4F635D6F2E98}"
EndProject
Project("{9A19103F-16F7-4668-BE54-9A1E7A4F7556}") = "Statistics.Core", "src\Services\Statistics\Statistics.Core\Statistics.Core.csproj", "{BCBD166B-85EB-4FA8-9331-6FA305B44A5C}"
EndProject
Project("{2150E333-8FDC-42A3-9474-1A3956D46DE8}") = "HealthCheckUI", "HealthCheckUI", "{1E12A7A8-F2F7-428E-BD15-1D39FF6BB4D1}"
EndProject
Project("{9A19103F-16F7-4668-BE54-9A1E7A4F7556}") = "HealthCheckUI.API", "src\HealthCheckUI\HealthCheckUI.API\HealthCheckUI.API.csproj", "{F6AFDC21-ACF3-47E9-978E-C23E6B63AA11}"
EndProject
Project("{2150E333-8FDC-42A3-9474-1A3956D46DE8}") = "Profile", "Profile", "{560BF5B7-0D06-41B2-A4B9-8D1E38B97466}"
EndProject
Project("{9A19103F-16F7-4668-BE54-9A1E7A4F7556}") = "Profile.API", "src\Services\Profile\Profile.API\Profile.API.csproj", "{85F4F9FF-CADC-487E-872B-581E6EC983E5}"
EndProject
Project("{9A19103F-16F7-4668-BE54-9A1E7A4F7556}") = "Profile.Core", "src\Services\Profile\Profile.Core\Profile.Core.csproj", "{0A6BD40C-E1F4-478B-83E5-C8BC9788C4F3}"
EndProject
Project("{9A19103F-16F7-4668-BE54-9A1E7A4F7556}") = "Profile.Infrastructure", "src\Services\Profile\Profile.Infrastructure\Profile.Infrastructure.csproj", "{CCC28CB2-1F01-4F8D-8669-5C8FDAF759D4}"
EndProject
Project("{2150E333-8FDC-42A3-9474-1A3956D46DE8}") = "Shared", "Shared", "{D1CE37C1-EBCE-4745-AD16-1F2BEE39D496}"
EndProject
Project("{9A19103F-16F7-4668-BE54-9A1E7A4F7556}") = "Shared.Core", "src\Shared\Shared.Core\Shared.Core.csproj", "{A708FE30-2558-4D88-8AEC-6AE39748587F}"
EndProject
Project("{9A19103F-16F7-4668-BE54-9A1E7A4F7556}") = "Shared.Infrastructure", "src\Shared\Shared.Infrastructure\Shared.Infrastructure.csproj", "{3F2BFA36-63EE-47D4-B970-F5F1504E3858}"
EndProject
Project("{2150E333-8FDC-42A3-9474-1A3956D46DE8}") = "Notification", "Notification", "{E3EB19F2-EDFD-4B37-B039-8D4E7CF9A54C}"
EndProject
Project("{9A19103F-16F7-4668-BE54-9A1E7A4F7556}") = "Notification.API", "src\Services\Notification\Notification.API\Notification.API.csproj", "{E7D1CBB8-3ACE-4940-B11F-5EEC77AEE6EF}"
EndProject
Project("{9A19103F-16F7-4668-BE54-9A1E7A4F7556}") = "Notification.Core", "src\Services\Notification\Notification.Core\Notification.Core.csproj", "{A3D2B8D9-1482-4F01-8B06-9AFF29A8A20E}"
EndProject
Project("{9A19103F-16F7-4668-BE54-9A1E7A4F7556}") = "Notification.Infrastructure", "src\Services\Notification\Notification.Infrastructure\Notification.Infrastructure.csproj", "{F0EC27C8-56E2-493D-9611-3A6E370013C8}"
EndProject
Project("{9A19103F-16F7-4668-BE54-9A1E7A4F7556}") = "Rides.UnitTests", "src\Services\Rides\Rides.UnitTests\Rides.UnitTests.csproj", "{63CA3CCF-6DB1-443E-9796-25F24723D384}"
EndProject
Project("{9A19103F-16F7-4668-BE54-9A1E7A4F7556}") = "Pictures.UnitTests", "src\Services\Pictures\Pictures.UnitTests\Pictures.UnitTests.csproj", "{171CD954-3DC6-4EC2-B5AE-997B0015081D}"
EndProject
Project("{9A19103F-16F7-4668-BE54-9A1E7A4F7556}") = "Notification.UnitTests", "src\Services\Notification\Notification.UnitTests\Notification.UnitTests.csproj", "{30F068F0-E96C-4DF0-9F79-E612814C6F1E}"
EndProject
Project("{9A19103F-16F7-4668-BE54-9A1E7A4F7556}") = "Profile.UnitTests", "src\Services\Profile\Profile.UnitTests\Profile.UnitTests.csproj", "{A9506318-0858-4C8C-8285-484021F980A3}"
EndProject
Project("{9A19103F-16F7-4668-BE54-9A1E7A4F7556}") = "Statistics.UnitTests", "src\Services\Statistics\Statistics.UnitTests\Statistics.UnitTests.csproj", "{EDCAA826-8E28-4B90-8F9D-AC5A9C79B53D}"
EndProject
Project("{FAE04EC0-301F-11D3-BF4B-00C04F79EFBC}") = "Fines.UnitTests", "src\Services\Fines\Fines.UnitTests\Fines.UnitTests.csproj", "{3A7169BA-C547-4B64-897E-9AD9D03E60A9}"
EndProject
Global
	GlobalSection(SolutionConfigurationPlatforms) = preSolution
		Debug|Any CPU = Debug|Any CPU
		Release|Any CPU = Release|Any CPU
	EndGlobalSection
	GlobalSection(ProjectConfigurationPlatforms) = postSolution
		{91AB2C93-0E1F-4CF4-8D64-E8399E3A7873}.Debug|Any CPU.ActiveCfg = Debug|Any CPU
		{91AB2C93-0E1F-4CF4-8D64-E8399E3A7873}.Debug|Any CPU.Build.0 = Debug|Any CPU
		{91AB2C93-0E1F-4CF4-8D64-E8399E3A7873}.Release|Any CPU.ActiveCfg = Release|Any CPU
		{91AB2C93-0E1F-4CF4-8D64-E8399E3A7873}.Release|Any CPU.Build.0 = Release|Any CPU
		{901CC7EE-89A8-4BD9-95C0-74BC71997ED3}.Debug|Any CPU.ActiveCfg = Debug|Any CPU
		{901CC7EE-89A8-4BD9-95C0-74BC71997ED3}.Debug|Any CPU.Build.0 = Debug|Any CPU
		{901CC7EE-89A8-4BD9-95C0-74BC71997ED3}.Release|Any CPU.ActiveCfg = Release|Any CPU
		{901CC7EE-89A8-4BD9-95C0-74BC71997ED3}.Release|Any CPU.Build.0 = Release|Any CPU
		{B208458E-8E14-4403-A844-581C9A4CFD4B}.Debug|Any CPU.ActiveCfg = Debug|Any CPU
		{B208458E-8E14-4403-A844-581C9A4CFD4B}.Debug|Any CPU.Build.0 = Debug|Any CPU
		{B208458E-8E14-4403-A844-581C9A4CFD4B}.Release|Any CPU.ActiveCfg = Release|Any CPU
		{B208458E-8E14-4403-A844-581C9A4CFD4B}.Release|Any CPU.Build.0 = Release|Any CPU
		{EF7F4979-3A6F-4D10-9C41-62C4CC4DBF93}.Debug|Any CPU.ActiveCfg = Debug|Any CPU
		{EF7F4979-3A6F-4D10-9C41-62C4CC4DBF93}.Debug|Any CPU.Build.0 = Debug|Any CPU
		{EF7F4979-3A6F-4D10-9C41-62C4CC4DBF93}.Release|Any CPU.ActiveCfg = Release|Any CPU
		{EF7F4979-3A6F-4D10-9C41-62C4CC4DBF93}.Release|Any CPU.Build.0 = Release|Any CPU
		{62822E66-513A-4E85-9F4B-046C602FBECD}.Debug|Any CPU.ActiveCfg = Debug|Any CPU
		{62822E66-513A-4E85-9F4B-046C602FBECD}.Debug|Any CPU.Build.0 = Debug|Any CPU
		{62822E66-513A-4E85-9F4B-046C602FBECD}.Release|Any CPU.ActiveCfg = Release|Any CPU
		{62822E66-513A-4E85-9F4B-046C602FBECD}.Release|Any CPU.Build.0 = Release|Any CPU
		{03AC027D-7E92-473F-95DD-3ABAF8449547}.Debug|Any CPU.ActiveCfg = Debug|Any CPU
		{03AC027D-7E92-473F-95DD-3ABAF8449547}.Debug|Any CPU.Build.0 = Debug|Any CPU
		{03AC027D-7E92-473F-95DD-3ABAF8449547}.Release|Any CPU.ActiveCfg = Release|Any CPU
		{03AC027D-7E92-473F-95DD-3ABAF8449547}.Release|Any CPU.Build.0 = Release|Any CPU
		{E35763DB-BA9E-4E9F-998E-3FB80FDE78D0}.Debug|Any CPU.ActiveCfg = Debug|Any CPU
		{E35763DB-BA9E-4E9F-998E-3FB80FDE78D0}.Debug|Any CPU.Build.0 = Debug|Any CPU
		{E35763DB-BA9E-4E9F-998E-3FB80FDE78D0}.Release|Any CPU.ActiveCfg = Release|Any CPU
		{E35763DB-BA9E-4E9F-998E-3FB80FDE78D0}.Release|Any CPU.Build.0 = Release|Any CPU
		{F4A26461-FE0C-4C6A-8883-9ED123BB6DC1}.Debug|Any CPU.ActiveCfg = Debug|Any CPU
		{F4A26461-FE0C-4C6A-8883-9ED123BB6DC1}.Debug|Any CPU.Build.0 = Debug|Any CPU
		{F4A26461-FE0C-4C6A-8883-9ED123BB6DC1}.Release|Any CPU.ActiveCfg = Release|Any CPU
		{F4A26461-FE0C-4C6A-8883-9ED123BB6DC1}.Release|Any CPU.Build.0 = Release|Any CPU
		{20A6A846-9623-4FA2-A710-B5EDC836840A}.Debug|Any CPU.ActiveCfg = Debug|Any CPU
		{20A6A846-9623-4FA2-A710-B5EDC836840A}.Debug|Any CPU.Build.0 = Debug|Any CPU
		{20A6A846-9623-4FA2-A710-B5EDC836840A}.Release|Any CPU.ActiveCfg = Release|Any CPU
		{20A6A846-9623-4FA2-A710-B5EDC836840A}.Release|Any CPU.Build.0 = Release|Any CPU
		{387587F3-F5BA-497B-A243-D664B9FE0B6B}.Debug|Any CPU.ActiveCfg = Debug|Any CPU
		{387587F3-F5BA-497B-A243-D664B9FE0B6B}.Debug|Any CPU.Build.0 = Debug|Any CPU
		{387587F3-F5BA-497B-A243-D664B9FE0B6B}.Release|Any CPU.ActiveCfg = Release|Any CPU
		{387587F3-F5BA-497B-A243-D664B9FE0B6B}.Release|Any CPU.Build.0 = Release|Any CPU
		{AFE874C7-6AD9-47F4-B25E-737920C9DF81}.Debug|Any CPU.ActiveCfg = Debug|Any CPU
		{AFE874C7-6AD9-47F4-B25E-737920C9DF81}.Debug|Any CPU.Build.0 = Debug|Any CPU
		{AFE874C7-6AD9-47F4-B25E-737920C9DF81}.Release|Any CPU.ActiveCfg = Release|Any CPU
		{AFE874C7-6AD9-47F4-B25E-737920C9DF81}.Release|Any CPU.Build.0 = Release|Any CPU
		{F79B5A04-C1D1-4E9B-8B1F-9B36772D056D}.Debug|Any CPU.ActiveCfg = Debug|Any CPU
		{F79B5A04-C1D1-4E9B-8B1F-9B36772D056D}.Debug|Any CPU.Build.0 = Debug|Any CPU
		{F79B5A04-C1D1-4E9B-8B1F-9B36772D056D}.Release|Any CPU.ActiveCfg = Release|Any CPU
		{F79B5A04-C1D1-4E9B-8B1F-9B36772D056D}.Release|Any CPU.Build.0 = Release|Any CPU
		{FC3DB740-8EC0-4758-A8BF-A88F45CC2319}.Debug|Any CPU.ActiveCfg = Debug|Any CPU
		{FC3DB740-8EC0-4758-A8BF-A88F45CC2319}.Debug|Any CPU.Build.0 = Debug|Any CPU
		{FC3DB740-8EC0-4758-A8BF-A88F45CC2319}.Release|Any CPU.ActiveCfg = Release|Any CPU
		{FC3DB740-8EC0-4758-A8BF-A88F45CC2319}.Release|Any CPU.Build.0 = Release|Any CPU
		{0BD95436-58C8-427A-9473-8E23767E1627}.Debug|Any CPU.ActiveCfg = Debug|Any CPU
		{0BD95436-58C8-427A-9473-8E23767E1627}.Debug|Any CPU.Build.0 = Debug|Any CPU
		{0BD95436-58C8-427A-9473-8E23767E1627}.Release|Any CPU.ActiveCfg = Release|Any CPU
		{0BD95436-58C8-427A-9473-8E23767E1627}.Release|Any CPU.Build.0 = Release|Any CPU
		{352416A5-3941-4D75-859E-90566B6274F0}.Debug|Any CPU.ActiveCfg = Debug|Any CPU
		{352416A5-3941-4D75-859E-90566B6274F0}.Debug|Any CPU.Build.0 = Debug|Any CPU
		{352416A5-3941-4D75-859E-90566B6274F0}.Release|Any CPU.ActiveCfg = Release|Any CPU
		{352416A5-3941-4D75-859E-90566B6274F0}.Release|Any CPU.Build.0 = Release|Any CPU
		{B4BA350C-7841-4648-A09B-4F635D6F2E98}.Debug|Any CPU.ActiveCfg = Debug|Any CPU
		{B4BA350C-7841-4648-A09B-4F635D6F2E98}.Debug|Any CPU.Build.0 = Debug|Any CPU
		{B4BA350C-7841-4648-A09B-4F635D6F2E98}.Release|Any CPU.ActiveCfg = Release|Any CPU
		{B4BA350C-7841-4648-A09B-4F635D6F2E98}.Release|Any CPU.Build.0 = Release|Any CPU
		{BCBD166B-85EB-4FA8-9331-6FA305B44A5C}.Debug|Any CPU.ActiveCfg = Debug|Any CPU
		{BCBD166B-85EB-4FA8-9331-6FA305B44A5C}.Debug|Any CPU.Build.0 = Debug|Any CPU
		{BCBD166B-85EB-4FA8-9331-6FA305B44A5C}.Release|Any CPU.ActiveCfg = Release|Any CPU
		{BCBD166B-85EB-4FA8-9331-6FA305B44A5C}.Release|Any CPU.Build.0 = Release|Any CPU
		{F6AFDC21-ACF3-47E9-978E-C23E6B63AA11}.Debug|Any CPU.ActiveCfg = Debug|Any CPU
		{F6AFDC21-ACF3-47E9-978E-C23E6B63AA11}.Debug|Any CPU.Build.0 = Debug|Any CPU
		{F6AFDC21-ACF3-47E9-978E-C23E6B63AA11}.Release|Any CPU.ActiveCfg = Release|Any CPU
		{F6AFDC21-ACF3-47E9-978E-C23E6B63AA11}.Release|Any CPU.Build.0 = Release|Any CPU
		{85F4F9FF-CADC-487E-872B-581E6EC983E5}.Debug|Any CPU.ActiveCfg = Debug|Any CPU
		{85F4F9FF-CADC-487E-872B-581E6EC983E5}.Debug|Any CPU.Build.0 = Debug|Any CPU
		{85F4F9FF-CADC-487E-872B-581E6EC983E5}.Release|Any CPU.ActiveCfg = Release|Any CPU
		{85F4F9FF-CADC-487E-872B-581E6EC983E5}.Release|Any CPU.Build.0 = Release|Any CPU
		{0A6BD40C-E1F4-478B-83E5-C8BC9788C4F3}.Debug|Any CPU.ActiveCfg = Debug|Any CPU
		{0A6BD40C-E1F4-478B-83E5-C8BC9788C4F3}.Debug|Any CPU.Build.0 = Debug|Any CPU
		{0A6BD40C-E1F4-478B-83E5-C8BC9788C4F3}.Release|Any CPU.ActiveCfg = Release|Any CPU
		{0A6BD40C-E1F4-478B-83E5-C8BC9788C4F3}.Release|Any CPU.Build.0 = Release|Any CPU
		{CCC28CB2-1F01-4F8D-8669-5C8FDAF759D4}.Debug|Any CPU.ActiveCfg = Debug|Any CPU
		{CCC28CB2-1F01-4F8D-8669-5C8FDAF759D4}.Debug|Any CPU.Build.0 = Debug|Any CPU
		{CCC28CB2-1F01-4F8D-8669-5C8FDAF759D4}.Release|Any CPU.ActiveCfg = Release|Any CPU
		{CCC28CB2-1F01-4F8D-8669-5C8FDAF759D4}.Release|Any CPU.Build.0 = Release|Any CPU
		{A708FE30-2558-4D88-8AEC-6AE39748587F}.Debug|Any CPU.ActiveCfg = Debug|Any CPU
		{A708FE30-2558-4D88-8AEC-6AE39748587F}.Debug|Any CPU.Build.0 = Debug|Any CPU
		{A708FE30-2558-4D88-8AEC-6AE39748587F}.Release|Any CPU.ActiveCfg = Release|Any CPU
		{A708FE30-2558-4D88-8AEC-6AE39748587F}.Release|Any CPU.Build.0 = Release|Any CPU
		{3F2BFA36-63EE-47D4-B970-F5F1504E3858}.Debug|Any CPU.ActiveCfg = Debug|Any CPU
		{3F2BFA36-63EE-47D4-B970-F5F1504E3858}.Debug|Any CPU.Build.0 = Debug|Any CPU
		{3F2BFA36-63EE-47D4-B970-F5F1504E3858}.Release|Any CPU.ActiveCfg = Release|Any CPU
		{3F2BFA36-63EE-47D4-B970-F5F1504E3858}.Release|Any CPU.Build.0 = Release|Any CPU
		{E7D1CBB8-3ACE-4940-B11F-5EEC77AEE6EF}.Debug|Any CPU.ActiveCfg = Debug|Any CPU
		{E7D1CBB8-3ACE-4940-B11F-5EEC77AEE6EF}.Debug|Any CPU.Build.0 = Debug|Any CPU
		{E7D1CBB8-3ACE-4940-B11F-5EEC77AEE6EF}.Release|Any CPU.ActiveCfg = Release|Any CPU
		{E7D1CBB8-3ACE-4940-B11F-5EEC77AEE6EF}.Release|Any CPU.Build.0 = Release|Any CPU
		{A3D2B8D9-1482-4F01-8B06-9AFF29A8A20E}.Debug|Any CPU.ActiveCfg = Debug|Any CPU
		{A3D2B8D9-1482-4F01-8B06-9AFF29A8A20E}.Debug|Any CPU.Build.0 = Debug|Any CPU
		{A3D2B8D9-1482-4F01-8B06-9AFF29A8A20E}.Release|Any CPU.ActiveCfg = Release|Any CPU
		{A3D2B8D9-1482-4F01-8B06-9AFF29A8A20E}.Release|Any CPU.Build.0 = Release|Any CPU
		{F0EC27C8-56E2-493D-9611-3A6E370013C8}.Debug|Any CPU.ActiveCfg = Debug|Any CPU
		{F0EC27C8-56E2-493D-9611-3A6E370013C8}.Debug|Any CPU.Build.0 = Debug|Any CPU
		{F0EC27C8-56E2-493D-9611-3A6E370013C8}.Release|Any CPU.ActiveCfg = Release|Any CPU
		{F0EC27C8-56E2-493D-9611-3A6E370013C8}.Release|Any CPU.Build.0 = Release|Any CPU
		{63CA3CCF-6DB1-443E-9796-25F24723D384}.Debug|Any CPU.ActiveCfg = Debug|Any CPU
		{63CA3CCF-6DB1-443E-9796-25F24723D384}.Debug|Any CPU.Build.0 = Debug|Any CPU
		{63CA3CCF-6DB1-443E-9796-25F24723D384}.Release|Any CPU.ActiveCfg = Release|Any CPU
		{63CA3CCF-6DB1-443E-9796-25F24723D384}.Release|Any CPU.Build.0 = Release|Any CPU
		{171CD954-3DC6-4EC2-B5AE-997B0015081D}.Debug|Any CPU.ActiveCfg = Debug|Any CPU
		{171CD954-3DC6-4EC2-B5AE-997B0015081D}.Debug|Any CPU.Build.0 = Debug|Any CPU
		{171CD954-3DC6-4EC2-B5AE-997B0015081D}.Release|Any CPU.ActiveCfg = Release|Any CPU
		{171CD954-3DC6-4EC2-B5AE-997B0015081D}.Release|Any CPU.Build.0 = Release|Any CPU
		{30F068F0-E96C-4DF0-9F79-E612814C6F1E}.Debug|Any CPU.ActiveCfg = Debug|Any CPU
		{30F068F0-E96C-4DF0-9F79-E612814C6F1E}.Debug|Any CPU.Build.0 = Debug|Any CPU
		{30F068F0-E96C-4DF0-9F79-E612814C6F1E}.Release|Any CPU.ActiveCfg = Release|Any CPU
		{30F068F0-E96C-4DF0-9F79-E612814C6F1E}.Release|Any CPU.Build.0 = Release|Any CPU
		{A9506318-0858-4C8C-8285-484021F980A3}.Debug|Any CPU.ActiveCfg = Debug|Any CPU
		{A9506318-0858-4C8C-8285-484021F980A3}.Debug|Any CPU.Build.0 = Debug|Any CPU
		{A9506318-0858-4C8C-8285-484021F980A3}.Release|Any CPU.ActiveCfg = Release|Any CPU
		{A9506318-0858-4C8C-8285-484021F980A3}.Release|Any CPU.Build.0 = Release|Any CPU
		{EDCAA826-8E28-4B90-8F9D-AC5A9C79B53D}.Debug|Any CPU.ActiveCfg = Debug|Any CPU
		{EDCAA826-8E28-4B90-8F9D-AC5A9C79B53D}.Debug|Any CPU.Build.0 = Debug|Any CPU
		{EDCAA826-8E28-4B90-8F9D-AC5A9C79B53D}.Release|Any CPU.ActiveCfg = Release|Any CPU
		{EDCAA826-8E28-4B90-8F9D-AC5A9C79B53D}.Release|Any CPU.Build.0 = Release|Any CPU
		{3A7169BA-C547-4B64-897E-9AD9D03E60A9}.Debug|Any CPU.ActiveCfg = Debug|Any CPU
		{3A7169BA-C547-4B64-897E-9AD9D03E60A9}.Debug|Any CPU.Build.0 = Debug|Any CPU
		{3A7169BA-C547-4B64-897E-9AD9D03E60A9}.Release|Any CPU.ActiveCfg = Release|Any CPU
		{3A7169BA-C547-4B64-897E-9AD9D03E60A9}.Release|Any CPU.Build.0 = Release|Any CPU
	EndGlobalSection
	GlobalSection(SolutionProperties) = preSolution
		HideSolutionNode = FALSE
	EndGlobalSection
	GlobalSection(NestedProjects) = preSolution
		{A3816AA5-0CDC-420F-809B-29D71475DCA2} = {D0B29B70-C896-4A8E-9E26-6F6508C22C74}
		{B8D88267-CFF4-4822-8D80-742F82F752C6} = {D0B29B70-C896-4A8E-9E26-6F6508C22C74}
		{A814F3CB-14AF-41B8-9224-759581DE9D49} = {D0B29B70-C896-4A8E-9E26-6F6508C22C74}
		{3EDBF01F-F925-46DF-83D9-343CB82537E1} = {D0B29B70-C896-4A8E-9E26-6F6508C22C74}
		{FB4C50B4-0089-4F39-BC18-5F476707559C} = {D0B29B70-C896-4A8E-9E26-6F6508C22C74}
		{6CAD9F08-55E6-4333-B19F-2BB6764F159C} = {D0B29B70-C896-4A8E-9E26-6F6508C22C74}
		{91AB2C93-0E1F-4CF4-8D64-E8399E3A7873} = {A814F3CB-14AF-41B8-9224-759581DE9D49}
		{901CC7EE-89A8-4BD9-95C0-74BC71997ED3} = {FB4C50B4-0089-4F39-BC18-5F476707559C}
		{B208458E-8E14-4403-A844-581C9A4CFD4B} = {3EDBF01F-F925-46DF-83D9-343CB82537E1}
		{EF7F4979-3A6F-4D10-9C41-62C4CC4DBF93} = {B8D88267-CFF4-4822-8D80-742F82F752C6}
		{62822E66-513A-4E85-9F4B-046C602FBECD} = {6CAD9F08-55E6-4333-B19F-2BB6764F159C}
		{03AC027D-7E92-473F-95DD-3ABAF8449547} = {A3816AA5-0CDC-420F-809B-29D71475DCA2}
		{19BB9D17-3BDA-4666-ADC4-E7370233A922} = {D0B29B70-C896-4A8E-9E26-6F6508C22C74}
		{E35763DB-BA9E-4E9F-998E-3FB80FDE78D0} = {19BB9D17-3BDA-4666-ADC4-E7370233A922}
		{F4A26461-FE0C-4C6A-8883-9ED123BB6DC1} = {DC9FB497-DD99-4A75-A64D-ED24A61ECCDD}
		{20A6A846-9623-4FA2-A710-B5EDC836840A} = {19BB9D17-3BDA-4666-ADC4-E7370233A922}
		{387587F3-F5BA-497B-A243-D664B9FE0B6B} = {FB4C50B4-0089-4F39-BC18-5F476707559C}
		{AFE874C7-6AD9-47F4-B25E-737920C9DF81} = {FB4C50B4-0089-4F39-BC18-5F476707559C}
		{F79B5A04-C1D1-4E9B-8B1F-9B36772D056D} = {B8D88267-CFF4-4822-8D80-742F82F752C6}
		{FC3DB740-8EC0-4758-A8BF-A88F45CC2319} = {B8D88267-CFF4-4822-8D80-742F82F752C6}
		{0BD95436-58C8-427A-9473-8E23767E1627} = {A814F3CB-14AF-41B8-9224-759581DE9D49}
		{352416A5-3941-4D75-859E-90566B6274F0} = {6CAD9F08-55E6-4333-B19F-2BB6764F159C}
		{B4BA350C-7841-4648-A09B-4F635D6F2E98} = {6CAD9F08-55E6-4333-B19F-2BB6764F159C}
		{BCBD166B-85EB-4FA8-9331-6FA305B44A5C} = {A3816AA5-0CDC-420F-809B-29D71475DCA2}
		{F6AFDC21-ACF3-47E9-978E-C23E6B63AA11} = {1E12A7A8-F2F7-428E-BD15-1D39FF6BB4D1}
		{560BF5B7-0D06-41B2-A4B9-8D1E38B97466} = {D0B29B70-C896-4A8E-9E26-6F6508C22C74}
		{85F4F9FF-CADC-487E-872B-581E6EC983E5} = {560BF5B7-0D06-41B2-A4B9-8D1E38B97466}
		{0A6BD40C-E1F4-478B-83E5-C8BC9788C4F3} = {560BF5B7-0D06-41B2-A4B9-8D1E38B97466}
		{CCC28CB2-1F01-4F8D-8669-5C8FDAF759D4} = {560BF5B7-0D06-41B2-A4B9-8D1E38B97466}
		{A708FE30-2558-4D88-8AEC-6AE39748587F} = {D1CE37C1-EBCE-4745-AD16-1F2BEE39D496}
		{3F2BFA36-63EE-47D4-B970-F5F1504E3858} = {D1CE37C1-EBCE-4745-AD16-1F2BEE39D496}
		{E3EB19F2-EDFD-4B37-B039-8D4E7CF9A54C} = {D0B29B70-C896-4A8E-9E26-6F6508C22C74}
		{E7D1CBB8-3ACE-4940-B11F-5EEC77AEE6EF} = {E3EB19F2-EDFD-4B37-B039-8D4E7CF9A54C}
		{A3D2B8D9-1482-4F01-8B06-9AFF29A8A20E} = {E3EB19F2-EDFD-4B37-B039-8D4E7CF9A54C}
		{F0EC27C8-56E2-493D-9611-3A6E370013C8} = {E3EB19F2-EDFD-4B37-B039-8D4E7CF9A54C}
		{63CA3CCF-6DB1-443E-9796-25F24723D384} = {6CAD9F08-55E6-4333-B19F-2BB6764F159C}
		{171CD954-3DC6-4EC2-B5AE-997B0015081D} = {B8D88267-CFF4-4822-8D80-742F82F752C6}
		{30F068F0-E96C-4DF0-9F79-E612814C6F1E} = {E3EB19F2-EDFD-4B37-B039-8D4E7CF9A54C}
		{A9506318-0858-4C8C-8285-484021F980A3} = {560BF5B7-0D06-41B2-A4B9-8D1E38B97466}
		{EDCAA826-8E28-4B90-8F9D-AC5A9C79B53D} = {A3816AA5-0CDC-420F-809B-29D71475DCA2}
		{3A7169BA-C547-4B64-897E-9AD9D03E60A9} = {FB4C50B4-0089-4F39-BC18-5F476707559C}
	EndGlobalSection
	GlobalSection(ExtensibilityGlobals) = postSolution
		SolutionGuid = {163AB022-ABFA-45A0-A4CA-F3365EAF09C0}
	EndGlobalSection
EndGlobal
