
Microsoft Visual Studio Solution File, Format Version 12.00
# Visual Studio Version 16
VisualStudioVersion = 16.0.30621.155
MinimumVisualStudioVersion = 10.0.40219.1
Project("{2150E333-8FDC-42A3-9474-1A3956D46DE8}") = "Services", "Services", "{D0B29B70-C896-4A8E-9E26-6F6508C22C74}"
EndProject
Project("{2150E333-8FDC-42A3-9474-1A3956D46DE8}") = "Statistics", "Statistics", "{A3816AA5-0CDC-420F-809B-29D71475DCA2}"
EndProject
Project("{2150E333-8FDC-42A3-9474-1A3956D46DE8}") = "Pictures", "Pictures", "{B8D88267-CFF4-4822-8D80-742F82F752C6}"
EndProject
Project("{2150E333-8FDC-42A3-9474-1A3956D46DE8}") = "Identity", "Identity", "{A814F3CB-14AF-41B8-9224-759581DE9D49}"
EndProject
Project("{2150E333-8FDC-42A3-9474-1A3956D46DE8}") = "Payment", "Payment", "{3EDBF01F-F925-46DF-83D9-343CB82537E1}"
EndProject
Project("{2150E333-8FDC-42A3-9474-1A3956D46DE8}") = "Fines", "Fines", "{FB4C50B4-0089-4F39-BC18-5F476707559C}"
EndProject
Project("{2150E333-8FDC-42A3-9474-1A3956D46DE8}") = "Rides", "Rides", "{6CAD9F08-55E6-4333-B19F-2BB6764F159C}"
EndProject
Project("{9A19103F-16F7-4668-BE54-9A1E7A4F7556}") = "Identity.API", "src\Services\Identity\Identity.API\Identity.API.csproj", "{91AB2C93-0E1F-4CF4-8D64-E8399E3A7873}"
EndProject
Project("{9A19103F-16F7-4668-BE54-9A1E7A4F7556}") = "Fines.API", "src\Services\Fines\Fines.API\Fines.API.csproj", "{901CC7EE-89A8-4BD9-95C0-74BC71997ED3}"
EndProject
Project("{9A19103F-16F7-4668-BE54-9A1E7A4F7556}") = "Payment.API", "src\Services\Payment\Payment.API\Payment.API.csproj", "{B208458E-8E14-4403-A844-581C9A4CFD4B}"
EndProject
Project("{9A19103F-16F7-4668-BE54-9A1E7A4F7556}") = "Pictures.API", "src\Services\Pictures\Pictures.API\Pictures.API.csproj", "{EF7F4979-3A6F-4D10-9C41-62C4CC4DBF93}"
EndProject
Project("{9A19103F-16F7-4668-BE54-9A1E7A4F7556}") = "Rides.API", "src\Services\Rides\Rides.API\Rides.API.csproj", "{62822E66-513A-4E85-9F4B-046C602FBECD}"
EndProject
Project("{9A19103F-16F7-4668-BE54-9A1E7A4F7556}") = "Statistics.API", "src\Services\Statistics\Statistics.API\Statistics.API.csproj", "{03AC027D-7E92-473F-95DD-3ABAF8449547}"
EndProject
Project("{2150E333-8FDC-42A3-9474-1A3956D46DE8}") = "AI", "AI", "{19BB9D17-3BDA-4666-ADC4-E7370233A922}"
EndProject
Project("{9A19103F-16F7-4668-BE54-9A1E7A4F7556}") = "AI.API", "src\Services\AI\AI.API\AI.API.csproj", "{E35763DB-BA9E-4E9F-998E-3FB80FDE78D0}"
EndProject
Project("{2150E333-8FDC-42A3-9474-1A3956D46DE8}") = "ApiGateways", "ApiGateways", "{DC9FB497-DD99-4A75-A64D-ED24A61ECCDD}"
EndProject
Project("{9A19103F-16F7-4668-BE54-9A1E7A4F7556}") = "ApiGateway", "src\ApiGateways\ApiGateway\ApiGateway.csproj", "{F4A26461-FE0C-4C6A-8883-9ED123BB6DC1}"
EndProject
Project("{9A19103F-16F7-4668-BE54-9A1E7A4F7556}") = "AI.Domain", "src\Services\AI\AI.Domain\AI.Domain.csproj", "{44033ADC-D59E-4554-AF2B-496265152EF0}"
EndProject
Project("{9A19103F-16F7-4668-BE54-9A1E7A4F7556}") = "AI.Application", "src\Services\AI\AI.Application\AI.Application.csproj", "{20A6A846-9623-4FA2-A710-B5EDC836840A}"
EndProject
Project("{9A19103F-16F7-4668-BE54-9A1E7A4F7556}") = "Fines.Domain", "src\Services\Fines\Fines.Domain\Fines.Domain.csproj", "{DEB395F7-71C9-44D1-8E9B-2387ABB272BC}"
EndProject
Project("{9A19103F-16F7-4668-BE54-9A1E7A4F7556}") = "Fines.Infrastructure", "src\Services\Fines\Fines.Infrastructure\Fines.Infrastructure.csproj", "{387587F3-F5BA-497B-A243-D664B9FE0B6B}"
EndProject
Project("{9A19103F-16F7-4668-BE54-9A1E7A4F7556}") = "Fines.Application", "src\Services\Fines\Fines.Application\Fines.Application.csproj", "{AFE874C7-6AD9-47F4-B25E-737920C9DF81}"
EndProject
Project("{9A19103F-16F7-4668-BE54-9A1E7A4F7556}") = "Pictures.Domain", "src\Services\Pictures\Pictures.Domain\Pictures.Domain.csproj", "{C313CDF9-18B5-4479-9769-EB8F8904C743}"
EndProject
Project("{9A19103F-16F7-4668-BE54-9A1E7A4F7556}") = "Pictures.Infrastructure", "src\Services\Pictures\Pictures.Infrastructure\Pictures.Infrastructure.csproj", "{F79B5A04-C1D1-4E9B-8B1F-9B36772D056D}"
EndProject
Project("{9A19103F-16F7-4668-BE54-9A1E7A4F7556}") = "Pictures.Application", "src\Services\Pictures\Pictures.Application\Pictures.Application.csproj", "{FC3DB740-8EC0-4758-A8BF-A88F45CC2319}"
EndProject
Project("{9A19103F-16F7-4668-BE54-9A1E7A4F7556}") = "Identity.Infrastructure", "src\Services\Identity\Identity.Infrastructure\Identity.Infrastructure.csproj", "{12332359-B9D0-4D92-A6B2-C4C6A8665614}"
EndProject
Project("{9A19103F-16F7-4668-BE54-9A1E7A4F7556}") = "Identity.Domain", "src\Services\Identity\Identity.Domain\Identity.Domain.csproj", "{A32C7144-43A6-4B8B-A505-C985793C58AF}"
EndProject
Project("{9A19103F-16F7-4668-BE54-9A1E7A4F7556}") = "Identity.Application", "src\Services\Identity\Identity.Application\Identity.Application.csproj", "{0BD95436-58C8-427A-9473-8E23767E1627}"
EndProject
Project("{9A19103F-16F7-4668-BE54-9A1E7A4F7556}") = "Rides.Infrastructure", "src\Services\Rides\Rides.Infrastructure\Rides.Infrastructure.csproj", "{352416A5-3941-4D75-859E-90566B6274F0}"
EndProject
Project("{9A19103F-16F7-4668-BE54-9A1E7A4F7556}") = "Rides.Application", "src\Services\Rides\Rides.Application\Rides.Application.csproj", "{B4BA350C-7841-4648-A09B-4F635D6F2E98}"
EndProject
Project("{9A19103F-16F7-4668-BE54-9A1E7A4F7556}") = "Rides.Domain", "src\Services\Rides\Rides.Domain\Rides.Domain.csproj", "{E7086BA4-D84B-4EBD-9B24-C6DB3325C81D}"
EndProject
Project("{9A19103F-16F7-4668-BE54-9A1E7A4F7556}") = "Statistics.Application", "src\Services\Statistics\Statistics.Application\Statistics.Application.csproj", "{BCBD166B-85EB-4FA8-9331-6FA305B44A5C}"
EndProject
Project("{2150E333-8FDC-42A3-9474-1A3956D46DE8}") = "HealthCheckUI", "HealthCheckUI", "{1E12A7A8-F2F7-428E-BD15-1D39FF6BB4D1}"
EndProject
Project("{FAE04EC0-301F-11D3-BF4B-00C04F79EFBC}") = "HealthCheckUI.API", "src\HealthCheckUI\HealthCheckUI.API\HealthCheckUI.API.csproj", "{F6AFDC21-ACF3-47E9-978E-C23E6B63AA11}"
EndProject
Global
	GlobalSection(SolutionConfigurationPlatforms) = preSolution
		Debug|Any CPU = Debug|Any CPU
		Release|Any CPU = Release|Any CPU
	EndGlobalSection
	GlobalSection(ProjectConfigurationPlatforms) = postSolution
		{91AB2C93-0E1F-4CF4-8D64-E8399E3A7873}.Debug|Any CPU.ActiveCfg = Debug|Any CPU
		{91AB2C93-0E1F-4CF4-8D64-E8399E3A7873}.Debug|Any CPU.Build.0 = Debug|Any CPU
		{91AB2C93-0E1F-4CF4-8D64-E8399E3A7873}.Release|Any CPU.ActiveCfg = Release|Any CPU
		{91AB2C93-0E1F-4CF4-8D64-E8399E3A7873}.Release|Any CPU.Build.0 = Release|Any CPU
		{901CC7EE-89A8-4BD9-95C0-74BC71997ED3}.Debug|Any CPU.ActiveCfg = Debug|Any CPU
		{901CC7EE-89A8-4BD9-95C0-74BC71997ED3}.Debug|Any CPU.Build.0 = Debug|Any CPU
		{901CC7EE-89A8-4BD9-95C0-74BC71997ED3}.Release|Any CPU.ActiveCfg = Release|Any CPU
		{901CC7EE-89A8-4BD9-95C0-74BC71997ED3}.Release|Any CPU.Build.0 = Release|Any CPU
		{B208458E-8E14-4403-A844-581C9A4CFD4B}.Debug|Any CPU.ActiveCfg = Debug|Any CPU
		{B208458E-8E14-4403-A844-581C9A4CFD4B}.Debug|Any CPU.Build.0 = Debug|Any CPU
		{B208458E-8E14-4403-A844-581C9A4CFD4B}.Release|Any CPU.ActiveCfg = Release|Any CPU
		{B208458E-8E14-4403-A844-581C9A4CFD4B}.Release|Any CPU.Build.0 = Release|Any CPU
		{EF7F4979-3A6F-4D10-9C41-62C4CC4DBF93}.Debug|Any CPU.ActiveCfg = Debug|Any CPU
		{EF7F4979-3A6F-4D10-9C41-62C4CC4DBF93}.Debug|Any CPU.Build.0 = Debug|Any CPU
		{EF7F4979-3A6F-4D10-9C41-62C4CC4DBF93}.Release|Any CPU.ActiveCfg = Release|Any CPU
		{EF7F4979-3A6F-4D10-9C41-62C4CC4DBF93}.Release|Any CPU.Build.0 = Release|Any CPU
		{62822E66-513A-4E85-9F4B-046C602FBECD}.Debug|Any CPU.ActiveCfg = Debug|Any CPU
		{62822E66-513A-4E85-9F4B-046C602FBECD}.Debug|Any CPU.Build.0 = Debug|Any CPU
		{62822E66-513A-4E85-9F4B-046C602FBECD}.Release|Any CPU.ActiveCfg = Release|Any CPU
		{62822E66-513A-4E85-9F4B-046C602FBECD}.Release|Any CPU.Build.0 = Release|Any CPU
		{03AC027D-7E92-473F-95DD-3ABAF8449547}.Debug|Any CPU.ActiveCfg = Debug|Any CPU
		{03AC027D-7E92-473F-95DD-3ABAF8449547}.Debug|Any CPU.Build.0 = Debug|Any CPU
		{03AC027D-7E92-473F-95DD-3ABAF8449547}.Release|Any CPU.ActiveCfg = Release|Any CPU
		{03AC027D-7E92-473F-95DD-3ABAF8449547}.Release|Any CPU.Build.0 = Release|Any CPU
		{E35763DB-BA9E-4E9F-998E-3FB80FDE78D0}.Debug|Any CPU.ActiveCfg = Debug|Any CPU
		{E35763DB-BA9E-4E9F-998E-3FB80FDE78D0}.Debug|Any CPU.Build.0 = Debug|Any CPU
		{E35763DB-BA9E-4E9F-998E-3FB80FDE78D0}.Release|Any CPU.ActiveCfg = Release|Any CPU
		{E35763DB-BA9E-4E9F-998E-3FB80FDE78D0}.Release|Any CPU.Build.0 = Release|Any CPU
		{F4A26461-FE0C-4C6A-8883-9ED123BB6DC1}.Debug|Any CPU.ActiveCfg = Debug|Any CPU
		{F4A26461-FE0C-4C6A-8883-9ED123BB6DC1}.Debug|Any CPU.Build.0 = Debug|Any CPU
		{F4A26461-FE0C-4C6A-8883-9ED123BB6DC1}.Release|Any CPU.ActiveCfg = Release|Any CPU
		{F4A26461-FE0C-4C6A-8883-9ED123BB6DC1}.Release|Any CPU.Build.0 = Release|Any CPU
		{44033ADC-D59E-4554-AF2B-496265152EF0}.Debug|Any CPU.ActiveCfg = Debug|Any CPU
		{44033ADC-D59E-4554-AF2B-496265152EF0}.Debug|Any CPU.Build.0 = Debug|Any CPU
		{44033ADC-D59E-4554-AF2B-496265152EF0}.Release|Any CPU.ActiveCfg = Release|Any CPU
		{44033ADC-D59E-4554-AF2B-496265152EF0}.Release|Any CPU.Build.0 = Release|Any CPU
		{20A6A846-9623-4FA2-A710-B5EDC836840A}.Debug|Any CPU.ActiveCfg = Debug|Any CPU
		{20A6A846-9623-4FA2-A710-B5EDC836840A}.Debug|Any CPU.Build.0 = Debug|Any CPU
		{20A6A846-9623-4FA2-A710-B5EDC836840A}.Release|Any CPU.ActiveCfg = Release|Any CPU
		{20A6A846-9623-4FA2-A710-B5EDC836840A}.Release|Any CPU.Build.0 = Release|Any CPU
		{DEB395F7-71C9-44D1-8E9B-2387ABB272BC}.Debug|Any CPU.ActiveCfg = Debug|Any CPU
		{DEB395F7-71C9-44D1-8E9B-2387ABB272BC}.Debug|Any CPU.Build.0 = Debug|Any CPU
		{DEB395F7-71C9-44D1-8E9B-2387ABB272BC}.Release|Any CPU.ActiveCfg = Release|Any CPU
		{DEB395F7-71C9-44D1-8E9B-2387ABB272BC}.Release|Any CPU.Build.0 = Release|Any CPU
		{387587F3-F5BA-497B-A243-D664B9FE0B6B}.Debug|Any CPU.ActiveCfg = Debug|Any CPU
		{387587F3-F5BA-497B-A243-D664B9FE0B6B}.Debug|Any CPU.Build.0 = Debug|Any CPU
		{387587F3-F5BA-497B-A243-D664B9FE0B6B}.Release|Any CPU.ActiveCfg = Release|Any CPU
		{387587F3-F5BA-497B-A243-D664B9FE0B6B}.Release|Any CPU.Build.0 = Release|Any CPU
		{AFE874C7-6AD9-47F4-B25E-737920C9DF81}.Debug|Any CPU.ActiveCfg = Debug|Any CPU
		{AFE874C7-6AD9-47F4-B25E-737920C9DF81}.Debug|Any CPU.Build.0 = Debug|Any CPU
		{AFE874C7-6AD9-47F4-B25E-737920C9DF81}.Release|Any CPU.ActiveCfg = Release|Any CPU
		{AFE874C7-6AD9-47F4-B25E-737920C9DF81}.Release|Any CPU.Build.0 = Release|Any CPU
		{C313CDF9-18B5-4479-9769-EB8F8904C743}.Debug|Any CPU.ActiveCfg = Debug|Any CPU
		{C313CDF9-18B5-4479-9769-EB8F8904C743}.Debug|Any CPU.Build.0 = Debug|Any CPU
		{C313CDF9-18B5-4479-9769-EB8F8904C743}.Release|Any CPU.ActiveCfg = Release|Any CPU
		{C313CDF9-18B5-4479-9769-EB8F8904C743}.Release|Any CPU.Build.0 = Release|Any CPU
		{F79B5A04-C1D1-4E9B-8B1F-9B36772D056D}.Debug|Any CPU.ActiveCfg = Debug|Any CPU
		{F79B5A04-C1D1-4E9B-8B1F-9B36772D056D}.Debug|Any CPU.Build.0 = Debug|Any CPU
		{F79B5A04-C1D1-4E9B-8B1F-9B36772D056D}.Release|Any CPU.ActiveCfg = Release|Any CPU
		{F79B5A04-C1D1-4E9B-8B1F-9B36772D056D}.Release|Any CPU.Build.0 = Release|Any CPU
		{FC3DB740-8EC0-4758-A8BF-A88F45CC2319}.Debug|Any CPU.ActiveCfg = Debug|Any CPU
		{FC3DB740-8EC0-4758-A8BF-A88F45CC2319}.Debug|Any CPU.Build.0 = Debug|Any CPU
		{FC3DB740-8EC0-4758-A8BF-A88F45CC2319}.Release|Any CPU.ActiveCfg = Release|Any CPU
		{FC3DB740-8EC0-4758-A8BF-A88F45CC2319}.Release|Any CPU.Build.0 = Release|Any CPU
		{12332359-B9D0-4D92-A6B2-C4C6A8665614}.Debug|Any CPU.ActiveCfg = Debug|Any CPU
		{12332359-B9D0-4D92-A6B2-C4C6A8665614}.Debug|Any CPU.Build.0 = Debug|Any CPU
		{12332359-B9D0-4D92-A6B2-C4C6A8665614}.Release|Any CPU.ActiveCfg = Release|Any CPU
		{12332359-B9D0-4D92-A6B2-C4C6A8665614}.Release|Any CPU.Build.0 = Release|Any CPU
		{A32C7144-43A6-4B8B-A505-C985793C58AF}.Debug|Any CPU.ActiveCfg = Debug|Any CPU
		{A32C7144-43A6-4B8B-A505-C985793C58AF}.Debug|Any CPU.Build.0 = Debug|Any CPU
		{A32C7144-43A6-4B8B-A505-C985793C58AF}.Release|Any CPU.ActiveCfg = Release|Any CPU
		{A32C7144-43A6-4B8B-A505-C985793C58AF}.Release|Any CPU.Build.0 = Release|Any CPU
		{0BD95436-58C8-427A-9473-8E23767E1627}.Debug|Any CPU.ActiveCfg = Debug|Any CPU
		{0BD95436-58C8-427A-9473-8E23767E1627}.Debug|Any CPU.Build.0 = Debug|Any CPU
		{0BD95436-58C8-427A-9473-8E23767E1627}.Release|Any CPU.ActiveCfg = Release|Any CPU
		{0BD95436-58C8-427A-9473-8E23767E1627}.Release|Any CPU.Build.0 = Release|Any CPU
		{352416A5-3941-4D75-859E-90566B6274F0}.Debug|Any CPU.ActiveCfg = Debug|Any CPU
		{352416A5-3941-4D75-859E-90566B6274F0}.Debug|Any CPU.Build.0 = Debug|Any CPU
		{352416A5-3941-4D75-859E-90566B6274F0}.Release|Any CPU.ActiveCfg = Release|Any CPU
		{352416A5-3941-4D75-859E-90566B6274F0}.Release|Any CPU.Build.0 = Release|Any CPU
		{B4BA350C-7841-4648-A09B-4F635D6F2E98}.Debug|Any CPU.ActiveCfg = Debug|Any CPU
		{B4BA350C-7841-4648-A09B-4F635D6F2E98}.Debug|Any CPU.Build.0 = Debug|Any CPU
		{B4BA350C-7841-4648-A09B-4F635D6F2E98}.Release|Any CPU.ActiveCfg = Release|Any CPU
		{B4BA350C-7841-4648-A09B-4F635D6F2E98}.Release|Any CPU.Build.0 = Release|Any CPU
		{E7086BA4-D84B-4EBD-9B24-C6DB3325C81D}.Debug|Any CPU.ActiveCfg = Debug|Any CPU
		{E7086BA4-D84B-4EBD-9B24-C6DB3325C81D}.Debug|Any CPU.Build.0 = Debug|Any CPU
		{E7086BA4-D84B-4EBD-9B24-C6DB3325C81D}.Release|Any CPU.ActiveCfg = Release|Any CPU
		{E7086BA4-D84B-4EBD-9B24-C6DB3325C81D}.Release|Any CPU.Build.0 = Release|Any CPU
		{BCBD166B-85EB-4FA8-9331-6FA305B44A5C}.Debug|Any CPU.ActiveCfg = Debug|Any CPU
		{BCBD166B-85EB-4FA8-9331-6FA305B44A5C}.Debug|Any CPU.Build.0 = Debug|Any CPU
		{BCBD166B-85EB-4FA8-9331-6FA305B44A5C}.Release|Any CPU.ActiveCfg = Release|Any CPU
		{BCBD166B-85EB-4FA8-9331-6FA305B44A5C}.Release|Any CPU.Build.0 = Release|Any CPU
		{F6AFDC21-ACF3-47E9-978E-C23E6B63AA11}.Debug|Any CPU.ActiveCfg = Debug|Any CPU
		{F6AFDC21-ACF3-47E9-978E-C23E6B63AA11}.Debug|Any CPU.Build.0 = Debug|Any CPU
		{F6AFDC21-ACF3-47E9-978E-C23E6B63AA11}.Release|Any CPU.ActiveCfg = Release|Any CPU
		{F6AFDC21-ACF3-47E9-978E-C23E6B63AA11}.Release|Any CPU.Build.0 = Release|Any CPU
	EndGlobalSection
	GlobalSection(SolutionProperties) = preSolution
		HideSolutionNode = FALSE
	EndGlobalSection
	GlobalSection(NestedProjects) = preSolution
		{A3816AA5-0CDC-420F-809B-29D71475DCA2} = {D0B29B70-C896-4A8E-9E26-6F6508C22C74}
		{B8D88267-CFF4-4822-8D80-742F82F752C6} = {D0B29B70-C896-4A8E-9E26-6F6508C22C74}
		{A814F3CB-14AF-41B8-9224-759581DE9D49} = {D0B29B70-C896-4A8E-9E26-6F6508C22C74}
		{3EDBF01F-F925-46DF-83D9-343CB82537E1} = {D0B29B70-C896-4A8E-9E26-6F6508C22C74}
		{FB4C50B4-0089-4F39-BC18-5F476707559C} = {D0B29B70-C896-4A8E-9E26-6F6508C22C74}
		{6CAD9F08-55E6-4333-B19F-2BB6764F159C} = {D0B29B70-C896-4A8E-9E26-6F6508C22C74}
		{91AB2C93-0E1F-4CF4-8D64-E8399E3A7873} = {A814F3CB-14AF-41B8-9224-759581DE9D49}
		{901CC7EE-89A8-4BD9-95C0-74BC71997ED3} = {FB4C50B4-0089-4F39-BC18-5F476707559C}
		{B208458E-8E14-4403-A844-581C9A4CFD4B} = {3EDBF01F-F925-46DF-83D9-343CB82537E1}
		{EF7F4979-3A6F-4D10-9C41-62C4CC4DBF93} = {B8D88267-CFF4-4822-8D80-742F82F752C6}
		{62822E66-513A-4E85-9F4B-046C602FBECD} = {6CAD9F08-55E6-4333-B19F-2BB6764F159C}
		{03AC027D-7E92-473F-95DD-3ABAF8449547} = {A3816AA5-0CDC-420F-809B-29D71475DCA2}
		{19BB9D17-3BDA-4666-ADC4-E7370233A922} = {D0B29B70-C896-4A8E-9E26-6F6508C22C74}
		{E35763DB-BA9E-4E9F-998E-3FB80FDE78D0} = {19BB9D17-3BDA-4666-ADC4-E7370233A922}
		{F4A26461-FE0C-4C6A-8883-9ED123BB6DC1} = {DC9FB497-DD99-4A75-A64D-ED24A61ECCDD}
		{44033ADC-D59E-4554-AF2B-496265152EF0} = {19BB9D17-3BDA-4666-ADC4-E7370233A922}
		{20A6A846-9623-4FA2-A710-B5EDC836840A} = {19BB9D17-3BDA-4666-ADC4-E7370233A922}
		{DEB395F7-71C9-44D1-8E9B-2387ABB272BC} = {FB4C50B4-0089-4F39-BC18-5F476707559C}
		{387587F3-F5BA-497B-A243-D664B9FE0B6B} = {FB4C50B4-0089-4F39-BC18-5F476707559C}
		{AFE874C7-6AD9-47F4-B25E-737920C9DF81} = {FB4C50B4-0089-4F39-BC18-5F476707559C}
		{C313CDF9-18B5-4479-9769-EB8F8904C743} = {B8D88267-CFF4-4822-8D80-742F82F752C6}
		{F79B5A04-C1D1-4E9B-8B1F-9B36772D056D} = {B8D88267-CFF4-4822-8D80-742F82F752C6}
		{FC3DB740-8EC0-4758-A8BF-A88F45CC2319} = {B8D88267-CFF4-4822-8D80-742F82F752C6}
		{12332359-B9D0-4D92-A6B2-C4C6A8665614} = {A814F3CB-14AF-41B8-9224-759581DE9D49}
		{A32C7144-43A6-4B8B-A505-C985793C58AF} = {A814F3CB-14AF-41B8-9224-759581DE9D49}
		{0BD95436-58C8-427A-9473-8E23767E1627} = {A814F3CB-14AF-41B8-9224-759581DE9D49}
		{352416A5-3941-4D75-859E-90566B6274F0} = {6CAD9F08-55E6-4333-B19F-2BB6764F159C}
		{B4BA350C-7841-4648-A09B-4F635D6F2E98} = {6CAD9F08-55E6-4333-B19F-2BB6764F159C}
		{E7086BA4-D84B-4EBD-9B24-C6DB3325C81D} = {6CAD9F08-55E6-4333-B19F-2BB6764F159C}
		{BCBD166B-85EB-4FA8-9331-6FA305B44A5C} = {A3816AA5-0CDC-420F-809B-29D71475DCA2}
		{F6AFDC21-ACF3-47E9-978E-C23E6B63AA11} = {1E12A7A8-F2F7-428E-BD15-1D39FF6BB4D1}
	EndGlobalSection
	GlobalSection(ExtensibilityGlobals) = postSolution
		SolutionGuid = {163AB022-ABFA-45A0-A4CA-F3365EAF09C0}
	EndGlobalSection
EndGlobal
